
Microsoft Visual Studio Solution File, Format Version 12.00
# Visual Studio 15
Project("{FAE04EC0-301F-11D3-BF4B-00C04F79EFBC}") = "Assembly-CSharp", "Assembly-CSharp.csproj", "{0E638B87-FE3F-53ED-29FF-CE2EE53F8243}"
EndProject
Project("{FAE04EC0-301F-11D3-BF4B-00C04F79EFBC}") = "Assembly-CSharp-firstpass", "Assembly-CSharp-firstpass.csproj", "{0F1824F3-24BE-2592-EBCA-2B73B7700214}"
EndProject
Project("{FAE04EC0-301F-11D3-BF4B-00C04F79EFBC}") = "Assembly-CSharp-Editor", "Assembly-CSharp-Editor.csproj", "{7E681A74-F7DA-E554-435A-E9D6DE07279C}"
EndProject
Global
	GlobalSection(SolutionConfigurationPlatforms) = preSolution
		Debug|Any CPU = Debug|Any CPU
		Release|Any CPU = Release|Any CPU
	EndGlobalSection
	GlobalSection(ProjectConfigurationPlatforms) = postSolution
		{0E638B87-FE3F-53ED-29FF-CE2EE53F8243}.Debug|Any CPU.ActiveCfg = Debug|Any CPU
		{0E638B87-FE3F-53ED-29FF-CE2EE53F8243}.Debug|Any CPU.Build.0 = Debug|Any CPU
		{0E638B87-FE3F-53ED-29FF-CE2EE53F8243}.Release|Any CPU.ActiveCfg = Release|Any CPU
		{0E638B87-FE3F-53ED-29FF-CE2EE53F8243}.Release|Any CPU.Build.0 = Release|Any CPU
		{0F1824F3-24BE-2592-EBCA-2B73B7700214}.Debug|Any CPU.ActiveCfg = Debug|Any CPU
		{0F1824F3-24BE-2592-EBCA-2B73B7700214}.Debug|Any CPU.Build.0 = Debug|Any CPU
		{0F1824F3-24BE-2592-EBCA-2B73B7700214}.Release|Any CPU.ActiveCfg = Release|Any CPU
		{0F1824F3-24BE-2592-EBCA-2B73B7700214}.Release|Any CPU.Build.0 = Release|Any CPU
		{7E681A74-F7DA-E554-435A-E9D6DE07279C}.Debug|Any CPU.ActiveCfg = Debug|Any CPU
		{7E681A74-F7DA-E554-435A-E9D6DE07279C}.Debug|Any CPU.Build.0 = Debug|Any CPU
		{7E681A74-F7DA-E554-435A-E9D6DE07279C}.Release|Any CPU.ActiveCfg = Release|Any CPU
		{7E681A74-F7DA-E554-435A-E9D6DE07279C}.Release|Any CPU.Build.0 = Release|Any CPU
	EndGlobalSection
	GlobalSection(SolutionProperties) = preSolution
		HideSolutionNode = FALSE
	EndGlobalSection
EndGlobal
